
Microsoft Visual Studio Solution File, Format Version 12.00
# Visual Studio Version 17
VisualStudioVersion = 17.2.32630.192
MinimumVisualStudioVersion = 10.0.40219.1
Project("{FAE04EC0-301F-11D3-BF4B-00C04F79EFBC}") = "Week3", "Week3\Week3.csproj", "{11CA00D2-5EC4-4931-9E76-52626CCA1FE7}"
EndProject
Project("{FAE04EC0-301F-11D3-BF4B-00C04F79EFBC}") = "PenSample", "PenSample\PenSample.csproj", "{12B1C182-24A6-4BD0-8DA8-BD63DEE3BA21}"
EndProject
Project("{FAE04EC0-301F-11D3-BF4B-00C04F79EFBC}") = "PenSample2", "PenSample2\PenSample2.csproj", "{B4772B06-5AC6-4695-97AB-F2913E7EFFCB}"
EndProject
Project("{FAE04EC0-301F-11D3-BF4B-00C04F79EFBC}") = "CdDemo", "CdDemo\CdDemo.csproj", "{415738E8-C19E-41A2-B9E3-9EA297994103}"
EndProject
Project("{FAE04EC0-301F-11D3-BF4B-00C04F79EFBC}") = "CircleClassLab", "CircleClassLab\CircleClassLab.csproj", "{7617E779-843D-4821-8AB5-FE3AA07664A2}"
EndProject
Global
	GlobalSection(SolutionConfigurationPlatforms) = preSolution
		Debug|Any CPU = Debug|Any CPU
		Release|Any CPU = Release|Any CPU
	EndGlobalSection
	GlobalSection(ProjectConfigurationPlatforms) = postSolution
		{11CA00D2-5EC4-4931-9E76-52626CCA1FE7}.Debug|Any CPU.ActiveCfg = Debug|Any CPU
		{11CA00D2-5EC4-4931-9E76-52626CCA1FE7}.Debug|Any CPU.Build.0 = Debug|Any CPU
		{11CA00D2-5EC4-4931-9E76-52626CCA1FE7}.Release|Any CPU.ActiveCfg = Release|Any CPU
		{11CA00D2-5EC4-4931-9E76-52626CCA1FE7}.Release|Any CPU.Build.0 = Release|Any CPU
		{12B1C182-24A6-4BD0-8DA8-BD63DEE3BA21}.Debug|Any CPU.ActiveCfg = Debug|Any CPU
		{12B1C182-24A6-4BD0-8DA8-BD63DEE3BA21}.Debug|Any CPU.Build.0 = Debug|Any CPU
		{12B1C182-24A6-4BD0-8DA8-BD63DEE3BA21}.Release|Any CPU.ActiveCfg = Release|Any CPU
		{12B1C182-24A6-4BD0-8DA8-BD63DEE3BA21}.Release|Any CPU.Build.0 = Release|Any CPU
		{B4772B06-5AC6-4695-97AB-F2913E7EFFCB}.Debug|Any CPU.ActiveCfg = Debug|Any CPU
		{B4772B06-5AC6-4695-97AB-F2913E7EFFCB}.Debug|Any CPU.Build.0 = Debug|Any CPU
		{B4772B06-5AC6-4695-97AB-F2913E7EFFCB}.Release|Any CPU.ActiveCfg = Release|Any CPU
		{B4772B06-5AC6-4695-97AB-F2913E7EFFCB}.Release|Any CPU.Build.0 = Release|Any CPU
		{415738E8-C19E-41A2-B9E3-9EA297994103}.Debug|Any CPU.ActiveCfg = Debug|Any CPU
		{415738E8-C19E-41A2-B9E3-9EA297994103}.Debug|Any CPU.Build.0 = Debug|Any CPU
		{415738E8-C19E-41A2-B9E3-9EA297994103}.Release|Any CPU.ActiveCfg = Release|Any CPU
		{415738E8-C19E-41A2-B9E3-9EA297994103}.Release|Any CPU.Build.0 = Release|Any CPU
		{7617E779-843D-4821-8AB5-FE3AA07664A2}.Debug|Any CPU.ActiveCfg = Debug|Any CPU
		{7617E779-843D-4821-8AB5-FE3AA07664A2}.Debug|Any CPU.Build.0 = Debug|Any CPU
		{7617E779-843D-4821-8AB5-FE3AA07664A2}.Release|Any CPU.ActiveCfg = Release|Any CPU
		{7617E779-843D-4821-8AB5-FE3AA07664A2}.Release|Any CPU.Build.0 = Release|Any CPU
	EndGlobalSection
	GlobalSection(SolutionProperties) = preSolution
		HideSolutionNode = FALSE
	EndGlobalSection
	GlobalSection(ExtensibilityGlobals) = postSolution
		SolutionGuid = {BBE55915-D315-464E-BEC0-E015F0019D36}
	EndGlobalSection
EndGlobal
